
Microsoft Visual Studio Solution File, Format Version 12.00
# Visual Studio Version 17
VisualStudioVersion = 17.11.35303.130
MinimumVisualStudioVersion = 10.0.40219.1
Project("{FAE04EC0-301F-11D3-BF4B-00C04F79EFBC}") = "DxBlazorApplication1", "DxBlazorApplication1\DxBlazorApplication1.csproj", "{C88E6189-30FA-454D-9F9D-6DE96AF95B20}"
EndProject
Global
	GlobalSection(SolutionConfigurationPlatforms) = preSolution
		Debug|Any CPU = Debug|Any CPU
		Release|Any CPU = Release|Any CPU
	EndGlobalSection
	GlobalSection(ProjectConfigurationPlatforms) = postSolution
		{C88E6189-30FA-454D-9F9D-6DE96AF95B20}.Debug|Any CPU.ActiveCfg = Debug|Any CPU
		{C88E6189-30FA-454D-9F9D-6DE96AF95B20}.Debug|Any CPU.Build.0 = Debug|Any CPU
		{C88E6189-30FA-454D-9F9D-6DE96AF95B20}.Release|Any CPU.ActiveCfg = Release|Any CPU
		{C88E6189-30FA-454D-9F9D-6DE96AF95B20}.Release|Any CPU.Build.0 = Release|Any CPU
	EndGlobalSection
	GlobalSection(SolutionProperties) = preSolution
		HideSolutionNode = FALSE
	EndGlobalSection
	GlobalSection(ExtensibilityGlobals) = postSolution
		SolutionGuid = {7B0FFF8B-89C9-4A0B-A5D3-187FF96B2D9C}
	EndGlobalSection
EndGlobal
